{
  "nodes": {
    "janet-nix": {
      "inputs": {
        "nixpkgs": [
          "nixpkgs"
        ]
      },
      "locked": {
        "lastModified": 1685774487,
        "narHash": "sha256-VH7qzeU+UU+x3wUBxWCKVHsBb66hTNk4/K6KOkpPGY0=",
        "owner": "turnerdev",
        "repo": "janet-nix",
        "rev": "dadf3f220cdf74e6690fbbf6ca6e8cce510099fa",
        "type": "github"
      },
      "original": {
        "owner": "turnerdev",
        "repo": "janet-nix",
        "type": "github"
      }
    },
    "nixpkgs": {
      "locked": {
        "lastModified": 1733759999,
        "narHash": "sha256-463SNPWmz46iLzJKRzO3Q2b0Aurff3U1n0nYItxq7jU=",
        "owner": "NixOS",
        "repo": "nixpkgs",
        "rev": "a73246e2eef4c6ed172979932bc80e1404ba2d56",
        "type": "github"
      },
      "original": {
        "owner": "NixOS",
        "ref": "nixos-unstable",
        "repo": "nixpkgs",
        "type": "github"
      }
    },
    "root": {
      "inputs": {
        "janet-nix": "janet-nix",
        "nixpkgs": "nixpkgs"
      }
    }
  },
  "root": "root",
  "version": 7
}
